
Microsoft Visual Studio Solution File, Format Version 12.00
# Visual Studio Version 17
VisualStudioVersion = 17.1.32421.90
MinimumVisualStudioVersion = 10.0.40219.1
Project("{9A19103F-16F7-4668-BE54-9A1E7A4F7556}") = "ConsoleNetworkFileTransfer_Client", "ConsoleNetworkFileTransfer_Client\ConsoleNetworkFileTransfer_Client.csproj", "{896C4B56-704E-4FBF-9450-007E5115D473}"
EndProject
Project("{9A19103F-16F7-4668-BE54-9A1E7A4F7556}") = "ConsoleNetworkFileTransfer_Server", "ConsoleNetworkFileTransfer_Server\ConsoleNetworkFileTransfer_Server.csproj", "{03E5A585-DDA3-46FF-9DAF-BAE9DD8CCDE9}"
EndProject
Global
	GlobalSection(SolutionConfigurationPlatforms) = preSolution
		Debug|Any CPU = Debug|Any CPU
		Release|Any CPU = Release|Any CPU
	EndGlobalSection
	GlobalSection(ProjectConfigurationPlatforms) = postSolution
		{896C4B56-704E-4FBF-9450-007E5115D473}.Debug|Any CPU.ActiveCfg = Debug|Any CPU
		{896C4B56-704E-4FBF-9450-007E5115D473}.Debug|Any CPU.Build.0 = Debug|Any CPU
		{896C4B56-704E-4FBF-9450-007E5115D473}.Release|Any CPU.ActiveCfg = Release|Any CPU
		{896C4B56-704E-4FBF-9450-007E5115D473}.Release|Any CPU.Build.0 = Release|Any CPU
		{03E5A585-DDA3-46FF-9DAF-BAE9DD8CCDE9}.Debug|Any CPU.ActiveCfg = Debug|Any CPU
		{03E5A585-DDA3-46FF-9DAF-BAE9DD8CCDE9}.Debug|Any CPU.Build.0 = Debug|Any CPU
		{03E5A585-DDA3-46FF-9DAF-BAE9DD8CCDE9}.Release|Any CPU.ActiveCfg = Release|Any CPU
		{03E5A585-DDA3-46FF-9DAF-BAE9DD8CCDE9}.Release|Any CPU.Build.0 = Release|Any CPU
	EndGlobalSection
	GlobalSection(SolutionProperties) = preSolution
		HideSolutionNode = FALSE
	EndGlobalSection
	GlobalSection(ExtensibilityGlobals) = postSolution
		SolutionGuid = {105B3293-8AE6-47F1-9CC1-5D25A0930498}
	EndGlobalSection
EndGlobal
